// !$*UTF8*$!
{
	archiveVersion = 1;
	classes = {
	};
	objectVersion = 50;
	objects = {

/* Begin PBXBuildFile section */
		9A1E7ECA2CF7C53700649C5B /* parsejava.cpp in Sources */ = {isa = PBXBuildFile; fileRef = 9A1E7EC92CF7C53700649C5B /* parsejava.cpp */; };
		9A1E7ECB2CF7C53700649C5B /* parsecpp.cpp in Sources */ = {isa = PBXBuildFile; fileRef = 9A1E7EC72CF7C53700649C5B /* parsecpp.cpp */; };
		9A1E7ED42CF7C54D00649C5B /* log.cpp in Sources */ = {isa = PBXBuildFile; fileRef = 9A1E7ED02CF7C54D00649C5B /* log.cpp */; };
		9A1E7ED52CF7C54D00649C5B /* directoryfiles.cpp in Sources */ = {isa = PBXBuildFile; fileRef = 9A1E7ECE2CF7C54D00649C5B /* directoryfiles.cpp */; };
		9A1E7ED92CF7C56500649C5B /* publishhtml.cpp in Sources */ = {isa = PBXBuildFile; fileRef = 9A1E7ED62CF7C56500649C5B /* publishhtml.cpp */; };
		9A1E7EDA2CF7C56500649C5B /* publishtext.cpp in Sources */ = {isa = PBXBuildFile; fileRef = 9A1E7ED72CF7C56500649C5B /* publishtext.cpp */; };
		9A1E7EDB2CF7C56500649C5B /* publishviz.cpp in Sources */ = {isa = PBXBuildFile; fileRef = 9A1E7ED82CF7C56500649C5B /* publishviz.cpp */; };
		9A1E7EE52CF7C59600649C5B /* classrel.cpp in Sources */ = {isa = PBXBuildFile; fileRef = 9A1E7EDD2CF7C59600649C5B /* classrel.cpp */; };
		9A1E7EE62CF7C59600649C5B /* llclasses.cpp in Sources */ = {isa = PBXBuildFile; fileRef = 9A1E7EE02CF7C59600649C5B /* llclasses.cpp */; };
		9A1E7EE72CF7C59600649C5B /* presenter.cpp in Sources */ = {isa = PBXBuildFile; fileRef = 9A1E7EE42CF7C59600649C5B /* presenter.cpp */; };
		9A1E7EE82CF7C59600649C5B /* parser.cpp in Sources */ = {isa = PBXBuildFile; fileRef = 9A1E7EE22CF7C59600649C5B /* parser.cpp */; };
/* End PBXBuildFile section */

/* Begin PBXCopyFilesBuildPhase section */
		B9A8A9352203EB3D00F41B05 /* CopyFiles */ = {
			isa = PBXCopyFilesBuildPhase;
			buildActionMask = 2147483647;
			dstPath = /usr/share/man/man1/;
			dstSubfolderSpec = 0;
			files = (
			);
			runOnlyForDeploymentPostprocessing = 1;
		};
/* End PBXCopyFilesBuildPhase section */

/* Begin PBXFileReference section */
		9A1E7EC52CF7C53700649C5B /* parsecode.hpp */ = {isa = PBXFileReference; lastKnownFileType = sourcecode.cpp.h; path = parsecode.hpp; sourceTree = "<group>"; };
		9A1E7EC62CF7C53700649C5B /* parsecpp.hpp */ = {isa = PBXFileReference; lastKnownFileType = sourcecode.cpp.h; path = parsecpp.hpp; sourceTree = "<group>"; };
		9A1E7EC72CF7C53700649C5B /* parsecpp.cpp */ = {isa = PBXFileReference; lastKnownFileType = sourcecode.cpp.cpp; path = parsecpp.cpp; sourceTree = "<group>"; };
		9A1E7EC82CF7C53700649C5B /* parsejava.hpp */ = {isa = PBXFileReference; lastKnownFileType = sourcecode.cpp.h; path = parsejava.hpp; sourceTree = "<group>"; };
		9A1E7EC92CF7C53700649C5B /* parsejava.cpp */ = {isa = PBXFileReference; lastKnownFileType = sourcecode.cpp.cpp; path = parsejava.cpp; sourceTree = "<group>"; };
		9A1E7ECC2CF7C54D00649C5B /* colors.hpp */ = {isa = PBXFileReference; lastKnownFileType = sourcecode.cpp.h; path = colors.hpp; sourceTree = "<group>"; };
		9A1E7ECD2CF7C54D00649C5B /* directoryfiles.hpp */ = {isa = PBXFileReference; lastKnownFileType = sourcecode.cpp.h; path = directoryfiles.hpp; sourceTree = "<group>"; };
		9A1E7ECE2CF7C54D00649C5B /* directoryfiles.cpp */ = {isa = PBXFileReference; lastKnownFileType = sourcecode.cpp.cpp; path = directoryfiles.cpp; sourceTree = "<group>"; };
		9A1E7ECF2CF7C54D00649C5B /* log.hpp */ = {isa = PBXFileReference; lastKnownFileType = sourcecode.cpp.h; path = log.hpp; sourceTree = "<group>"; };
		9A1E7ED02CF7C54D00649C5B /* log.cpp */ = {isa = PBXFileReference; lastKnownFileType = sourcecode.cpp.cpp; path = log.cpp; sourceTree = "<group>"; };
		9A1E7ED12CF7C54D00649C5B /* publish.hpp */ = {isa = PBXFileReference; lastKnownFileType = sourcecode.cpp.h; path = publish.hpp; sourceTree = "<group>"; };
		9A1E7ED22CF7C54D00649C5B /* swapstream.hpp */ = {isa = PBXFileReference; lastKnownFileType = sourcecode.cpp.h; path = swapstream.hpp; sourceTree = "<group>"; };
		9A1E7ED32CF7C54D00649C5B /* utils.hpp */ = {isa = PBXFileReference; lastKnownFileType = sourcecode.cpp.h; path = utils.hpp; sourceTree = "<group>"; };
		9A1E7ED62CF7C56500649C5B /* publishhtml.cpp */ = {isa = PBXFileReference; lastKnownFileType = sourcecode.cpp.cpp; path = publishhtml.cpp; sourceTree = "<group>"; };
		9A1E7ED72CF7C56500649C5B /* publishtext.cpp */ = {isa = PBXFileReference; lastKnownFileType = sourcecode.cpp.cpp; path = publishtext.cpp; sourceTree = "<group>"; };
		9A1E7ED82CF7C56500649C5B /* publishviz.cpp */ = {isa = PBXFileReference; lastKnownFileType = sourcecode.cpp.cpp; path = publishviz.cpp; sourceTree = "<group>"; };
		9A1E7EDC2CF7C59600649C5B /* classrel.hpp */ = {isa = PBXFileReference; lastKnownFileType = sourcecode.cpp.h; path = classrel.hpp; sourceTree = "<group>"; };
		9A1E7EDD2CF7C59600649C5B /* classrel.cpp */ = {isa = PBXFileReference; lastKnownFileType = sourcecode.cpp.cpp; path = classrel.cpp; sourceTree = "<group>"; };
		9A1E7EDE2CF7C59600649C5B /* colors.hpp */ = {isa = PBXFileReference; lastKnownFileType = sourcecode.cpp.h; path = colors.hpp; sourceTree = "<group>"; };
		9A1E7EDF2CF7C59600649C5B /* llclasses.hpp */ = {isa = PBXFileReference; lastKnownFileType = sourcecode.cpp.h; path = llclasses.hpp; sourceTree = "<group>"; };
		9A1E7EE02CF7C59600649C5B /* llclasses.cpp */ = {isa = PBXFileReference; lastKnownFileType = sourcecode.cpp.cpp; path = llclasses.cpp; sourceTree = "<group>"; };
		9A1E7EE12CF7C59600649C5B /* parser.hpp */ = {isa = PBXFileReference; lastKnownFileType = sourcecode.cpp.h; path = parser.hpp; sourceTree = "<group>"; };
		9A1E7EE22CF7C59600649C5B /* parser.cpp */ = {isa = PBXFileReference; lastKnownFileType = sourcecode.cpp.cpp; path = parser.cpp; sourceTree = "<group>"; };
		9A1E7EE32CF7C59600649C5B /* presenter.hpp */ = {isa = PBXFileReference; lastKnownFileType = sourcecode.cpp.h; path = presenter.hpp; sourceTree = "<group>"; };
		9A1E7EE42CF7C59600649C5B /* presenter.cpp */ = {isa = PBXFileReference; lastKnownFileType = sourcecode.cpp.cpp; path = presenter.cpp; sourceTree = "<group>"; };
		B9A8A9372203EB3D00F41B05 /* llclasses */ = {isa = PBXFileReference; explicitFileType = "compiled.mach-o.executable"; includeInIndex = 0; path = llclasses; sourceTree = BUILT_PRODUCTS_DIR; };
/* End PBXFileReference section */

/* Begin PBXFrameworksBuildPhase section */
		B9A8A9342203EB3D00F41B05 /* Frameworks */ = {
			isa = PBXFrameworksBuildPhase;
			buildActionMask = 2147483647;
			files = (
			);
			runOnlyForDeploymentPostprocessing = 0;
		};
/* End PBXFrameworksBuildPhase section */

/* Begin PBXGroup section */
		B97E7ED72221872400125FAC /* publishers */ = {
			isa = PBXGroup;
			children = (
				9A1E7ED62CF7C56500649C5B /* publishhtml.cpp */,
				9A1E7ED72CF7C56500649C5B /* publishtext.cpp */,
				9A1E7ED82CF7C56500649C5B /* publishviz.cpp */,
			);
			path = publishers;
			sourceTree = "<group>";
		};
		B97E7ED82221874900125FAC /* utils */ = {
			isa = PBXGroup;
			children = (
				9A1E7ECC2CF7C54D00649C5B /* colors.hpp */,
				9A1E7ECD2CF7C54D00649C5B /* directoryfiles.hpp */,
				9A1E7ECE2CF7C54D00649C5B /* directoryfiles.cpp */,
				9A1E7ECF2CF7C54D00649C5B /* log.hpp */,
				9A1E7ED02CF7C54D00649C5B /* log.cpp */,
				9A1E7ED12CF7C54D00649C5B /* publish.hpp */,
				9A1E7ED22CF7C54D00649C5B /* swapstream.hpp */,
				9A1E7ED32CF7C54D00649C5B /* utils.hpp */,
			);
			path = utils;
			sourceTree = "<group>";
		};
		B97E7ED92221877500125FAC /* parsers */ = {
			isa = PBXGroup;
			children = (
				9A1E7EC52CF7C53700649C5B /* parsecode.hpp */,
				9A1E7EC62CF7C53700649C5B /* parsecpp.hpp */,
				9A1E7EC72CF7C53700649C5B /* parsecpp.cpp */,
				9A1E7EC82CF7C53700649C5B /* parsejava.hpp */,
				9A1E7EC92CF7C53700649C5B /* parsejava.cpp */,
			);
			path = parsers;
			sourceTree = "<group>";
		};
		B9A8A92E2203EB3D00F41B05 = {
			isa = PBXGroup;
			children = (
				B9A8A9392203EB3D00F41B05 /* llclasses */,
				B9A8A9382203EB3D00F41B05 /* Products */,
			);
			sourceTree = "<group>";
		};
		B9A8A9382203EB3D00F41B05 /* Products */ = {
			isa = PBXGroup;
			children = (
				B9A8A9372203EB3D00F41B05 /* llclasses */,
			);
			name = Products;
			sourceTree = "<group>";
		};
		B9A8A9392203EB3D00F41B05 /* llclasses */ = {
			isa = PBXGroup;
			children = (
				9A1E7EDC2CF7C59600649C5B /* classrel.hpp */,
				9A1E7EDD2CF7C59600649C5B /* classrel.cpp */,
				9A1E7EDE2CF7C59600649C5B /* colors.hpp */,
				9A1E7EDF2CF7C59600649C5B /* llclasses.hpp */,
				9A1E7EE02CF7C59600649C5B /* llclasses.cpp */,
				9A1E7EE12CF7C59600649C5B /* parser.hpp */,
				9A1E7EE22CF7C59600649C5B /* parser.cpp */,
				9A1E7EE32CF7C59600649C5B /* presenter.hpp */,
				9A1E7EE42CF7C59600649C5B /* presenter.cpp */,
				B97E7ED92221877500125FAC /* parsers */,
				B97E7ED82221874900125FAC /* utils */,
				B97E7ED72221872400125FAC /* publishers */,
			);
			path = llclasses;
			sourceTree = "<group>";
		};
/* End PBXGroup section */

/* Begin PBXNativeTarget section */
		B9A8A9362203EB3D00F41B05 /* llclasses */ = {
			isa = PBXNativeTarget;
			buildConfigurationList = B9A8A93E2203EB3D00F41B05 /* Build configuration list for PBXNativeTarget "llclasses" */;
			buildPhases = (
				B9A8A9332203EB3D00F41B05 /* Sources */,
				B9A8A9342203EB3D00F41B05 /* Frameworks */,
				B9A8A9352203EB3D00F41B05 /* CopyFiles */,
			);
			buildRules = (
			);
			dependencies = (
			);
			name = llclasses;
			productName = llclasses;
			productReference = B9A8A9372203EB3D00F41B05 /* llclasses */;
			productType = "com.apple.product-type.tool";
		};
/* End PBXNativeTarget section */

/* Begin PBXProject section */
		B9A8A92F2203EB3D00F41B05 /* Project object */ = {
			isa = PBXProject;
			attributes = {
				LastUpgradeCheck = 1010;
				ORGANIZATIONNAME = "Dennis Lang";
				TargetAttributes = {
					B9A8A9362203EB3D00F41B05 = {
						CreatedOnToolsVersion = 10.1;
					};
				};
			};
			buildConfigurationList = B9A8A9322203EB3D00F41B05 /* Build configuration list for PBXProject "llclasses" */;
			compatibilityVersion = "Xcode 9.3";
			developmentRegion = en;
			hasScannedForEncodings = 0;
			knownRegions = (
				en,
			);
			mainGroup = B9A8A92E2203EB3D00F41B05;
			productRefGroup = B9A8A9382203EB3D00F41B05 /* Products */;
			projectDirPath = "";
			projectRoot = "";
			targets = (
				B9A8A9362203EB3D00F41B05 /* llclasses */,
			);
		};
/* End PBXProject section */

/* Begin PBXSourcesBuildPhase section */
		B9A8A9332203EB3D00F41B05 /* Sources */ = {
			isa = PBXSourcesBuildPhase;
			buildActionMask = 2147483647;
			files = (
				9A1E7EE52CF7C59600649C5B /* classrel.cpp in Sources */,
				9A1E7EE62CF7C59600649C5B /* llclasses.cpp in Sources */,
				9A1E7EE72CF7C59600649C5B /* presenter.cpp in Sources */,
				9A1E7EE82CF7C59600649C5B /* parser.cpp in Sources */,
				9A1E7ECA2CF7C53700649C5B /* parsejava.cpp in Sources */,
				9A1E7ED92CF7C56500649C5B /* publishhtml.cpp in Sources */,
				9A1E7EDA2CF7C56500649C5B /* publishtext.cpp in Sources */,
				9A1E7EDB2CF7C56500649C5B /* publishviz.cpp in Sources */,
				9A1E7ECB2CF7C53700649C5B /* parsecpp.cpp in Sources */,
				9A1E7ED42CF7C54D00649C5B /* log.cpp in Sources */,
				9A1E7ED52CF7C54D00649C5B /* directoryfiles.cpp in Sources */,
			);
			runOnlyForDeploymentPostprocessing = 0;
		};
/* End PBXSourcesBuildPhase section */

/* Begin XCBuildConfiguration section */
		B9A8A93C2203EB3D00F41B05 /* Debug */ = {
			isa = XCBuildConfiguration;
			buildSettings = {
				ALWAYS_SEARCH_USER_PATHS = NO;
				CLANG_ANALYZER_NONNULL = YES;
				CLANG_ANALYZER_NUMBER_OBJECT_CONVERSION = YES_AGGRESSIVE;
				CLANG_CXX_LANGUAGE_STANDARD = "gnu++14";
				CLANG_CXX_LIBRARY = "libc++";
				CLANG_ENABLE_MODULES = YES;
				CLANG_ENABLE_OBJC_ARC = YES;
				CLANG_ENABLE_OBJC_WEAK = YES;
				CLANG_WARN_BLOCK_CAPTURE_AUTORELEASING = YES;
				CLANG_WARN_BOOL_CONVERSION = YES;
				CLANG_WARN_COMMA = YES;
				CLANG_WARN_CONSTANT_CONVERSION = YES;
				CLANG_WARN_DEPRECATED_OBJC_IMPLEMENTATIONS = YES;
				CLANG_WARN_DIRECT_OBJC_ISA_USAGE = YES_ERROR;
				CLANG_WARN_DOCUMENTATION_COMMENTS = YES;
				CLANG_WARN_EMPTY_BODY = YES;
				CLANG_WARN_ENUM_CONVERSION = YES;
				CLANG_WARN_INFINITE_RECURSION = YES;
				CLANG_WARN_INT_CONVERSION = YES;
				CLANG_WARN_NON_LITERAL_NULL_CONVERSION = YES;
				CLANG_WARN_OBJC_IMPLICIT_RETAIN_SELF = YES;
				CLANG_WARN_OBJC_LITERAL_CONVERSION = YES;
				CLANG_WARN_OBJC_ROOT_CLASS = YES_ERROR;
				CLANG_WARN_RANGE_LOOP_ANALYSIS = YES;
				CLANG_WARN_STRICT_PROTOTYPES = YES;
				CLANG_WARN_SUSPICIOUS_MOVE = YES;
				CLANG_WARN_UNGUARDED_AVAILABILITY = YES_AGGRESSIVE;
				CLANG_WARN_UNREACHABLE_CODE = YES;
				CLANG_WARN__DUPLICATE_METHOD_MATCH = YES;
				CODE_SIGN_IDENTITY = "-";
				COPY_PHASE_STRIP = NO;
				DEBUG_INFORMATION_FORMAT = dwarf;
				ENABLE_STRICT_OBJC_MSGSEND = YES;
				ENABLE_TESTABILITY = YES;
				GCC_C_LANGUAGE_STANDARD = gnu11;
				GCC_DYNAMIC_NO_PIC = NO;
				GCC_NO_COMMON_BLOCKS = YES;
				GCC_OPTIMIZATION_LEVEL = 0;
				GCC_PREPROCESSOR_DEFINITIONS = (
					"DEBUG=1",
					"$(inherited)",
				);
				GCC_WARN_64_TO_32_BIT_CONVERSION = YES;
				GCC_WARN_ABOUT_RETURN_TYPE = YES_ERROR;
				GCC_WARN_UNDECLARED_SELECTOR = YES;
				GCC_WARN_UNINITIALIZED_AUTOS = YES_AGGRESSIVE;
				GCC_WARN_UNUSED_FUNCTION = YES;
				GCC_WARN_UNUSED_VARIABLE = YES;
				MACOSX_DEPLOYMENT_TARGET = 10.14;
				MTL_ENABLE_DEBUG_INFO = INCLUDE_SOURCE;
				MTL_FAST_MATH = YES;
				ONLY_ACTIVE_ARCH = YES;
				SDKROOT = macosx;
			};
			name = Debug;
		};
		B9A8A93D2203EB3D00F41B05 /* Release */ = {
			isa = XCBuildConfiguration;
			buildSettings = {
				ALWAYS_SEARCH_USER_PATHS = NO;
				CLANG_ANALYZER_NONNULL = YES;
				CLANG_ANALYZER_NUMBER_OBJECT_CONVERSION = YES_AGGRESSIVE;
				CLANG_CXX_LANGUAGE_STANDARD = "gnu++14";
				CLANG_CXX_LIBRARY = "libc++";
				CLANG_ENABLE_MODULES = YES;
				CLANG_ENABLE_OBJC_ARC = YES;
				CLANG_ENABLE_OBJC_WEAK = YES;
				CLANG_WARN_BLOCK_CAPTURE_AUTORELEASING = YES;
				CLANG_WARN_BOOL_CONVERSION = YES;
				CLANG_WARN_COMMA = YES;
				CLANG_WARN_CONSTANT_CONVERSION = YES;
				CLANG_WARN_DEPRECATED_OBJC_IMPLEMENTATIONS = YES;
				CLANG_WARN_DIRECT_OBJC_ISA_USAGE = YES_ERROR;
				CLANG_WARN_DOCUMENTATION_COMMENTS = YES;
				CLANG_WARN_EMPTY_BODY = YES;
				CLANG_WARN_ENUM_CONVERSION = YES;
				CLANG_WARN_INFINITE_RECURSION = YES;
				CLANG_WARN_INT_CONVERSION = YES;
				CLANG_WARN_NON_LITERAL_NULL_CONVERSION = YES;
				CLANG_WARN_OBJC_IMPLICIT_RETAIN_SELF = YES;
				CLANG_WARN_OBJC_LITERAL_CONVERSION = YES;
				CLANG_WARN_OBJC_ROOT_CLASS = YES_ERROR;
				CLANG_WARN_RANGE_LOOP_ANALYSIS = YES;
				CLANG_WARN_STRICT_PROTOTYPES = YES;
				CLANG_WARN_SUSPICIOUS_MOVE = YES;
				CLANG_WARN_UNGUARDED_AVAILABILITY = YES_AGGRESSIVE;
				CLANG_WARN_UNREACHABLE_CODE = YES;
				CLANG_WARN__DUPLICATE_METHOD_MATCH = YES;
				CODE_SIGN_IDENTITY = "-";
				COPY_PHASE_STRIP = NO;
				DEBUG_INFORMATION_FORMAT = "dwarf-with-dsym";
				ENABLE_NS_ASSERTIONS = NO;
				ENABLE_STRICT_OBJC_MSGSEND = YES;
				GCC_C_LANGUAGE_STANDARD = gnu11;
				GCC_NO_COMMON_BLOCKS = YES;
				GCC_WARN_64_TO_32_BIT_CONVERSION = YES;
				GCC_WARN_ABOUT_RETURN_TYPE = YES_ERROR;
				GCC_WARN_UNDECLARED_SELECTOR = YES;
				GCC_WARN_UNINITIALIZED_AUTOS = YES_AGGRESSIVE;
				GCC_WARN_UNUSED_FUNCTION = YES;
				GCC_WARN_UNUSED_VARIABLE = YES;
				MACOSX_DEPLOYMENT_TARGET = 10.14;
				MTL_ENABLE_DEBUG_INFO = NO;
				MTL_FAST_MATH = YES;
				SDKROOT = macosx;
			};
			name = Release;
		};
		B9A8A93F2203EB3D00F41B05 /* Debug */ = {
			isa = XCBuildConfiguration;
			buildSettings = {
				"CODE_SIGN_IDENTITY[sdk=macosx*]" = "Apple Development";
				CODE_SIGN_STYLE = Automatic;
				DEVELOPMENT_TEAM = X7Z43FGG83;
				PRODUCT_BUNDLE_IDENTIFIER = com.landenlabs.llclasses;
				PRODUCT_NAME = "$(TARGET_NAME)";
			};
			name = Debug;
		};
		B9A8A9402203EB3D00F41B05 /* Release */ = {
			isa = XCBuildConfiguration;
			buildSettings = {
				"CODE_SIGN_IDENTITY[sdk=macosx*]" = "Apple Development";
				CODE_SIGN_STYLE = Automatic;
				DEVELOPMENT_TEAM = X7Z43FGG83;
				PRODUCT_BUNDLE_IDENTIFIER = com.landenlabs.llclasses;
				PRODUCT_NAME = "$(TARGET_NAME)";
			};
			name = Release;
		};
/* End XCBuildConfiguration section */

/* Begin XCConfigurationList section */
		B9A8A9322203EB3D00F41B05 /* Build configuration list for PBXProject "llclasses" */ = {
			isa = XCConfigurationList;
			buildConfigurations = (
				B9A8A93C2203EB3D00F41B05 /* Debug */,
				B9A8A93D2203EB3D00F41B05 /* Release */,
			);
			defaultConfigurationIsVisible = 0;
			defaultConfigurationName = Release;
		};
		B9A8A93E2203EB3D00F41B05 /* Build configuration list for PBXNativeTarget "llclasses" */ = {
			isa = XCConfigurationList;
			buildConfigurations = (
				B9A8A93F2203EB3D00F41B05 /* Debug */,
				B9A8A9402203EB3D00F41B05 /* Release */,
			);
			defaultConfigurationIsVisible = 0;
			defaultConfigurationName = Release;
		};
/* End XCConfigurationList section */
	};
	rootObject = B9A8A92F2203EB3D00F41B05 /* Project object */;
}
