// !$*UTF8*$!
{
	archiveVersion = 1;
	classes = {
	};
	objectVersion = 50;
	objects = {

/* Begin PBXBuildFile section */
		B95FB8762215150E00C89780 /* PublishText.cpp in Sources */ = {isa = PBXBuildFile; fileRef = B95FB8742215150E00C89780 /* PublishText.cpp */; };
		B9A8A93B2203EB3D00F41B05 /* llclasses.cpp in Sources */ = {isa = PBXBuildFile; fileRef = B9A8A93A2203EB3D00F41B05 /* llclasses.cpp */; };
		B9AD72B9220745D900F30B18 /* ParseJava.cpp in Sources */ = {isa = PBXBuildFile; fileRef = B9AD72B8220745D900F30B18 /* ParseJava.cpp */; };
		B9AD72C022074AF800F30B18 /* Parser.cpp in Sources */ = {isa = PBXBuildFile; fileRef = B9AD72BE22074AF800F30B18 /* Parser.cpp */; };
		B9AD72C122074AF800F30B18 /* DirectoryFiles.cpp in Sources */ = {isa = PBXBuildFile; fileRef = B9AD72BF22074AF800F30B18 /* DirectoryFiles.cpp */; };
		B9AD72C52207504300F30B18 /* Presenter.cpp in Sources */ = {isa = PBXBuildFile; fileRef = B9AD72C42207504300F30B18 /* Presenter.cpp */; };
		B9AD72C8220754EE00F30B18 /* ClassRel.cpp in Sources */ = {isa = PBXBuildFile; fileRef = B9AD72C6220754EE00F30B18 /* ClassRel.cpp */; };
		B9AD72CB2207565C00F30B18 /* PublishViz.cpp in Sources */ = {isa = PBXBuildFile; fileRef = B9AD72C92207565C00F30B18 /* PublishViz.cpp */; };
		B9AD72CC2207565C00F30B18 /* PublishHtml.cpp in Sources */ = {isa = PBXBuildFile; fileRef = B9AD72CA2207565C00F30B18 /* PublishHtml.cpp */; };
/* End PBXBuildFile section */

/* Begin PBXCopyFilesBuildPhase section */
		B9A8A9352203EB3D00F41B05 /* CopyFiles */ = {
			isa = PBXCopyFilesBuildPhase;
			buildActionMask = 2147483647;
			dstPath = /usr/share/man/man1/;
			dstSubfolderSpec = 0;
			files = (
			);
			runOnlyForDeploymentPostprocessing = 1;
		};
/* End PBXCopyFilesBuildPhase section */

/* Begin PBXFileReference section */
		B92218E622106E1F00C896CA /* Log.h */ = {isa = PBXFileReference; lastKnownFileType = sourcecode.c.h; path = Log.h; sourceTree = "<group>"; };
		B95FB8742215150E00C89780 /* PublishText.cpp */ = {isa = PBXFileReference; lastKnownFileType = sourcecode.cpp.cpp; path = PublishText.cpp; sourceTree = "<group>"; };
		B9A8A9372203EB3D00F41B05 /* llclasses */ = {isa = PBXFileReference; explicitFileType = "compiled.mach-o.executable"; includeInIndex = 0; path = llclasses; sourceTree = BUILT_PRODUCTS_DIR; };
		B9A8A93A2203EB3D00F41B05 /* llclasses.cpp */ = {isa = PBXFileReference; lastKnownFileType = sourcecode.cpp.cpp; path = llclasses.cpp; sourceTree = "<group>"; };
		B9AD72B8220745D900F30B18 /* ParseJava.cpp */ = {isa = PBXFileReference; fileEncoding = 4; lastKnownFileType = sourcecode.cpp.cpp; path = ParseJava.cpp; sourceTree = "<group>"; };
		B9AD72BA220745F100F30B18 /* ParseJava.h */ = {isa = PBXFileReference; fileEncoding = 4; lastKnownFileType = sourcecode.c.h; path = ParseJava.h; sourceTree = "<group>"; };
		B9AD72BB220747E000F30B18 /* utils.h */ = {isa = PBXFileReference; fileEncoding = 4; lastKnownFileType = sourcecode.c.h; path = utils.h; sourceTree = "<group>"; };
		B9AD72BC22074AF800F30B18 /* Parser.h */ = {isa = PBXFileReference; fileEncoding = 4; lastKnownFileType = sourcecode.c.h; path = Parser.h; sourceTree = "<group>"; };
		B9AD72BD22074AF800F30B18 /* DirectoryFiles.h */ = {isa = PBXFileReference; fileEncoding = 4; lastKnownFileType = sourcecode.c.h; path = DirectoryFiles.h; sourceTree = "<group>"; };
		B9AD72BE22074AF800F30B18 /* Parser.cpp */ = {isa = PBXFileReference; fileEncoding = 4; lastKnownFileType = sourcecode.cpp.cpp; path = Parser.cpp; sourceTree = "<group>"; };
		B9AD72BF22074AF800F30B18 /* DirectoryFiles.cpp */ = {isa = PBXFileReference; fileEncoding = 4; lastKnownFileType = sourcecode.cpp.cpp; path = DirectoryFiles.cpp; sourceTree = "<group>"; };
		B9AD72C222074B6E00F30B18 /* llclasses.h */ = {isa = PBXFileReference; fileEncoding = 4; lastKnownFileType = sourcecode.c.h; path = llclasses.h; sourceTree = "<group>"; };
		B9AD72C32207504300F30B18 /* Presenter.h */ = {isa = PBXFileReference; fileEncoding = 4; lastKnownFileType = sourcecode.c.h; path = Presenter.h; sourceTree = "<group>"; };
		B9AD72C42207504300F30B18 /* Presenter.cpp */ = {isa = PBXFileReference; fileEncoding = 4; lastKnownFileType = sourcecode.cpp.cpp; path = Presenter.cpp; sourceTree = "<group>"; };
		B9AD72C6220754EE00F30B18 /* ClassRel.cpp */ = {isa = PBXFileReference; fileEncoding = 4; lastKnownFileType = sourcecode.cpp.cpp; path = ClassRel.cpp; sourceTree = "<group>"; };
		B9AD72C7220754EE00F30B18 /* ClassRel.h */ = {isa = PBXFileReference; fileEncoding = 4; lastKnownFileType = sourcecode.c.h; path = ClassRel.h; sourceTree = "<group>"; };
		B9AD72C92207565C00F30B18 /* PublishViz.cpp */ = {isa = PBXFileReference; fileEncoding = 4; lastKnownFileType = sourcecode.cpp.cpp; path = PublishViz.cpp; sourceTree = "<group>"; };
		B9AD72CA2207565C00F30B18 /* PublishHtml.cpp */ = {isa = PBXFileReference; fileEncoding = 4; lastKnownFileType = sourcecode.cpp.cpp; path = PublishHtml.cpp; sourceTree = "<group>"; };
		B9AD72CD220761FF00F30B18 /* SwapStream.h */ = {isa = PBXFileReference; fileEncoding = 4; lastKnownFileType = sourcecode.c.h; path = SwapStream.h; sourceTree = "<group>"; };
		B9D933A02221DE7B0048AEE6 /* Publish.h */ = {isa = PBXFileReference; lastKnownFileType = sourcecode.c.h; name = Publish.h; path = utils/Publish.h; sourceTree = "<group>"; };
		B9E99905222C130A00DFC6CF /* Colors.h */ = {isa = PBXFileReference; lastKnownFileType = sourcecode.c.h; path = Colors.h; sourceTree = "<group>"; };
/* End PBXFileReference section */

/* Begin PBXFrameworksBuildPhase section */
		B9A8A9342203EB3D00F41B05 /* Frameworks */ = {
			isa = PBXFrameworksBuildPhase;
			buildActionMask = 2147483647;
			files = (
			);
			runOnlyForDeploymentPostprocessing = 0;
		};
/* End PBXFrameworksBuildPhase section */

/* Begin PBXGroup section */
		B97E7ED72221872400125FAC /* publishers */ = {
			isa = PBXGroup;
			children = (
				B9AD72C92207565C00F30B18 /* PublishViz.cpp */,
				B9AD72CA2207565C00F30B18 /* PublishHtml.cpp */,
				B95FB8742215150E00C89780 /* PublishText.cpp */,
			);
			path = publishers;
			sourceTree = "<group>";
		};
		B97E7ED82221874900125FAC /* utils */ = {
			isa = PBXGroup;
			children = (
				B92218E622106E1F00C896CA /* Log.h */,
				B9AD72BB220747E000F30B18 /* utils.h */,
				B9AD72BD22074AF800F30B18 /* DirectoryFiles.h */,
				B9AD72BF22074AF800F30B18 /* DirectoryFiles.cpp */,
				B9AD72CD220761FF00F30B18 /* SwapStream.h */,
				B9E99905222C130A00DFC6CF /* Colors.h */,
			);
			path = utils;
			sourceTree = "<group>";
		};
		B97E7ED92221877500125FAC /* parsers */ = {
			isa = PBXGroup;
			children = (
				B9AD72BA220745F100F30B18 /* ParseJava.h */,
				B9AD72B8220745D900F30B18 /* ParseJava.cpp */,
			);
			path = parsers;
			sourceTree = "<group>";
		};
		B9A8A92E2203EB3D00F41B05 = {
			isa = PBXGroup;
			children = (
				B9A8A9392203EB3D00F41B05 /* llclasses */,
				B9A8A9382203EB3D00F41B05 /* Products */,
			);
			sourceTree = "<group>";
		};
		B9A8A9382203EB3D00F41B05 /* Products */ = {
			isa = PBXGroup;
			children = (
				B9A8A9372203EB3D00F41B05 /* llclasses */,
			);
			name = Products;
			sourceTree = "<group>";
		};
		B9A8A9392203EB3D00F41B05 /* llclasses */ = {
			isa = PBXGroup;
			children = (
				B97E7ED92221877500125FAC /* parsers */,
				B97E7ED82221874900125FAC /* utils */,
				B97E7ED72221872400125FAC /* publishers */,
				B9AD72C6220754EE00F30B18 /* ClassRel.cpp */,
				B9AD72C7220754EE00F30B18 /* ClassRel.h */,
				B9AD72C42207504300F30B18 /* Presenter.cpp */,
				B9AD72C32207504300F30B18 /* Presenter.h */,
				B9D933A02221DE7B0048AEE6 /* Publish.h */,
				B9AD72C222074B6E00F30B18 /* llclasses.h */,
				B9AD72BE22074AF800F30B18 /* Parser.cpp */,
				B9AD72BC22074AF800F30B18 /* Parser.h */,
				B9A8A93A2203EB3D00F41B05 /* llclasses.cpp */,
			);
			path = llclasses;
			sourceTree = "<group>";
		};
/* End PBXGroup section */

/* Begin PBXNativeTarget section */
		B9A8A9362203EB3D00F41B05 /* llclasses */ = {
			isa = PBXNativeTarget;
			buildConfigurationList = B9A8A93E2203EB3D00F41B05 /* Build configuration list for PBXNativeTarget "llclasses" */;
			buildPhases = (
				B9A8A9332203EB3D00F41B05 /* Sources */,
				B9A8A9342203EB3D00F41B05 /* Frameworks */,
				B9A8A9352203EB3D00F41B05 /* CopyFiles */,
			);
			buildRules = (
			);
			dependencies = (
			);
			name = llclasses;
			productName = llclasses;
			productReference = B9A8A9372203EB3D00F41B05 /* llclasses */;
			productType = "com.apple.product-type.tool";
		};
/* End PBXNativeTarget section */

/* Begin PBXProject section */
		B9A8A92F2203EB3D00F41B05 /* Project object */ = {
			isa = PBXProject;
			attributes = {
				LastUpgradeCheck = 1010;
				ORGANIZATIONNAME = "Dennis Lang";
				TargetAttributes = {
					B9A8A9362203EB3D00F41B05 = {
						CreatedOnToolsVersion = 10.1;
					};
				};
			};
			buildConfigurationList = B9A8A9322203EB3D00F41B05 /* Build configuration list for PBXProject "llclasses" */;
			compatibilityVersion = "Xcode 9.3";
			developmentRegion = en;
			hasScannedForEncodings = 0;
			knownRegions = (
				en,
			);
			mainGroup = B9A8A92E2203EB3D00F41B05;
			productRefGroup = B9A8A9382203EB3D00F41B05 /* Products */;
			projectDirPath = "";
			projectRoot = "";
			targets = (
				B9A8A9362203EB3D00F41B05 /* llclasses */,
			);
		};
/* End PBXProject section */

/* Begin PBXSourcesBuildPhase section */
		B9A8A9332203EB3D00F41B05 /* Sources */ = {
			isa = PBXSourcesBuildPhase;
			buildActionMask = 2147483647;
			files = (
				B9AD72C8220754EE00F30B18 /* ClassRel.cpp in Sources */,
				B9AD72B9220745D900F30B18 /* ParseJava.cpp in Sources */,
				B9A8A93B2203EB3D00F41B05 /* llclasses.cpp in Sources */,
				B9AD72C52207504300F30B18 /* Presenter.cpp in Sources */,
				B9AD72CC2207565C00F30B18 /* PublishHtml.cpp in Sources */,
				B9AD72C022074AF800F30B18 /* Parser.cpp in Sources */,
				B9AD72C122074AF800F30B18 /* DirectoryFiles.cpp in Sources */,
				B9AD72CB2207565C00F30B18 /* PublishViz.cpp in Sources */,
				B95FB8762215150E00C89780 /* PublishText.cpp in Sources */,
			);
			runOnlyForDeploymentPostprocessing = 0;
		};
/* End PBXSourcesBuildPhase section */

/* Begin XCBuildConfiguration section */
		B9A8A93C2203EB3D00F41B05 /* Debug */ = {
			isa = XCBuildConfiguration;
			buildSettings = {
				ALWAYS_SEARCH_USER_PATHS = NO;
				CLANG_ANALYZER_NONNULL = YES;
				CLANG_ANALYZER_NUMBER_OBJECT_CONVERSION = YES_AGGRESSIVE;
				CLANG_CXX_LANGUAGE_STANDARD = "gnu++14";
				CLANG_CXX_LIBRARY = "libc++";
				CLANG_ENABLE_MODULES = YES;
				CLANG_ENABLE_OBJC_ARC = YES;
				CLANG_ENABLE_OBJC_WEAK = YES;
				CLANG_WARN_BLOCK_CAPTURE_AUTORELEASING = YES;
				CLANG_WARN_BOOL_CONVERSION = YES;
				CLANG_WARN_COMMA = YES;
				CLANG_WARN_CONSTANT_CONVERSION = YES;
				CLANG_WARN_DEPRECATED_OBJC_IMPLEMENTATIONS = YES;
				CLANG_WARN_DIRECT_OBJC_ISA_USAGE = YES_ERROR;
				CLANG_WARN_DOCUMENTATION_COMMENTS = YES;
				CLANG_WARN_EMPTY_BODY = YES;
				CLANG_WARN_ENUM_CONVERSION = YES;
				CLANG_WARN_INFINITE_RECURSION = YES;
				CLANG_WARN_INT_CONVERSION = YES;
				CLANG_WARN_NON_LITERAL_NULL_CONVERSION = YES;
				CLANG_WARN_OBJC_IMPLICIT_RETAIN_SELF = YES;
				CLANG_WARN_OBJC_LITERAL_CONVERSION = YES;
				CLANG_WARN_OBJC_ROOT_CLASS = YES_ERROR;
				CLANG_WARN_RANGE_LOOP_ANALYSIS = YES;
				CLANG_WARN_STRICT_PROTOTYPES = YES;
				CLANG_WARN_SUSPICIOUS_MOVE = YES;
				CLANG_WARN_UNGUARDED_AVAILABILITY = YES_AGGRESSIVE;
				CLANG_WARN_UNREACHABLE_CODE = YES;
				CLANG_WARN__DUPLICATE_METHOD_MATCH = YES;
				CODE_SIGN_IDENTITY = "-";
				COPY_PHASE_STRIP = NO;
				DEBUG_INFORMATION_FORMAT = dwarf;
				ENABLE_STRICT_OBJC_MSGSEND = YES;
				ENABLE_TESTABILITY = YES;
				GCC_C_LANGUAGE_STANDARD = gnu11;
				GCC_DYNAMIC_NO_PIC = NO;
				GCC_NO_COMMON_BLOCKS = YES;
				GCC_OPTIMIZATION_LEVEL = 0;
				GCC_PREPROCESSOR_DEFINITIONS = (
					"DEBUG=1",
					"$(inherited)",
				);
				GCC_WARN_64_TO_32_BIT_CONVERSION = YES;
				GCC_WARN_ABOUT_RETURN_TYPE = YES_ERROR;
				GCC_WARN_UNDECLARED_SELECTOR = YES;
				GCC_WARN_UNINITIALIZED_AUTOS = YES_AGGRESSIVE;
				GCC_WARN_UNUSED_FUNCTION = YES;
				GCC_WARN_UNUSED_VARIABLE = YES;
				MACOSX_DEPLOYMENT_TARGET = 10.14;
				MTL_ENABLE_DEBUG_INFO = INCLUDE_SOURCE;
				MTL_FAST_MATH = YES;
				ONLY_ACTIVE_ARCH = YES;
				SDKROOT = macosx;
			};
			name = Debug;
		};
		B9A8A93D2203EB3D00F41B05 /* Release */ = {
			isa = XCBuildConfiguration;
			buildSettings = {
				ALWAYS_SEARCH_USER_PATHS = NO;
				CLANG_ANALYZER_NONNULL = YES;
				CLANG_ANALYZER_NUMBER_OBJECT_CONVERSION = YES_AGGRESSIVE;
				CLANG_CXX_LANGUAGE_STANDARD = "gnu++14";
				CLANG_CXX_LIBRARY = "libc++";
				CLANG_ENABLE_MODULES = YES;
				CLANG_ENABLE_OBJC_ARC = YES;
				CLANG_ENABLE_OBJC_WEAK = YES;
				CLANG_WARN_BLOCK_CAPTURE_AUTORELEASING = YES;
				CLANG_WARN_BOOL_CONVERSION = YES;
				CLANG_WARN_COMMA = YES;
				CLANG_WARN_CONSTANT_CONVERSION = YES;
				CLANG_WARN_DEPRECATED_OBJC_IMPLEMENTATIONS = YES;
				CLANG_WARN_DIRECT_OBJC_ISA_USAGE = YES_ERROR;
				CLANG_WARN_DOCUMENTATION_COMMENTS = YES;
				CLANG_WARN_EMPTY_BODY = YES;
				CLANG_WARN_ENUM_CONVERSION = YES;
				CLANG_WARN_INFINITE_RECURSION = YES;
				CLANG_WARN_INT_CONVERSION = YES;
				CLANG_WARN_NON_LITERAL_NULL_CONVERSION = YES;
				CLANG_WARN_OBJC_IMPLICIT_RETAIN_SELF = YES;
				CLANG_WARN_OBJC_LITERAL_CONVERSION = YES;
				CLANG_WARN_OBJC_ROOT_CLASS = YES_ERROR;
				CLANG_WARN_RANGE_LOOP_ANALYSIS = YES;
				CLANG_WARN_STRICT_PROTOTYPES = YES;
				CLANG_WARN_SUSPICIOUS_MOVE = YES;
				CLANG_WARN_UNGUARDED_AVAILABILITY = YES_AGGRESSIVE;
				CLANG_WARN_UNREACHABLE_CODE = YES;
				CLANG_WARN__DUPLICATE_METHOD_MATCH = YES;
				CODE_SIGN_IDENTITY = "-";
				COPY_PHASE_STRIP = NO;
				DEBUG_INFORMATION_FORMAT = "dwarf-with-dsym";
				ENABLE_NS_ASSERTIONS = NO;
				ENABLE_STRICT_OBJC_MSGSEND = YES;
				GCC_C_LANGUAGE_STANDARD = gnu11;
				GCC_NO_COMMON_BLOCKS = YES;
				GCC_WARN_64_TO_32_BIT_CONVERSION = YES;
				GCC_WARN_ABOUT_RETURN_TYPE = YES_ERROR;
				GCC_WARN_UNDECLARED_SELECTOR = YES;
				GCC_WARN_UNINITIALIZED_AUTOS = YES_AGGRESSIVE;
				GCC_WARN_UNUSED_FUNCTION = YES;
				GCC_WARN_UNUSED_VARIABLE = YES;
				MACOSX_DEPLOYMENT_TARGET = 10.14;
				MTL_ENABLE_DEBUG_INFO = NO;
				MTL_FAST_MATH = YES;
				SDKROOT = macosx;
			};
			name = Release;
		};
		B9A8A93F2203EB3D00F41B05 /* Debug */ = {
			isa = XCBuildConfiguration;
			buildSettings = {
				CODE_SIGN_STYLE = Automatic;
				PRODUCT_NAME = "$(TARGET_NAME)";
			};
			name = Debug;
		};
		B9A8A9402203EB3D00F41B05 /* Release */ = {
			isa = XCBuildConfiguration;
			buildSettings = {
				CODE_SIGN_STYLE = Automatic;
				PRODUCT_NAME = "$(TARGET_NAME)";
			};
			name = Release;
		};
/* End XCBuildConfiguration section */

/* Begin XCConfigurationList section */
		B9A8A9322203EB3D00F41B05 /* Build configuration list for PBXProject "llclasses" */ = {
			isa = XCConfigurationList;
			buildConfigurations = (
				B9A8A93C2203EB3D00F41B05 /* Debug */,
				B9A8A93D2203EB3D00F41B05 /* Release */,
			);
			defaultConfigurationIsVisible = 0;
			defaultConfigurationName = Release;
		};
		B9A8A93E2203EB3D00F41B05 /* Build configuration list for PBXNativeTarget "llclasses" */ = {
			isa = XCConfigurationList;
			buildConfigurations = (
				B9A8A93F2203EB3D00F41B05 /* Debug */,
				B9A8A9402203EB3D00F41B05 /* Release */,
			);
			defaultConfigurationIsVisible = 0;
			defaultConfigurationName = Release;
		};
/* End XCConfigurationList section */
	};
	rootObject = B9A8A92F2203EB3D00F41B05 /* Project object */;
}
