<?xml version="1.0" encoding="utf-8"?>
<Project ToolsVersion="4.0" xmlns="http://schemas.microsoft.com/developer/msbuild/2003">
  <ItemGroup>
    <Filter Include="Source Files">
      <UniqueIdentifier>{4FC737F1-C7A5-4376-A066-2A32D752A2FF}</UniqueIdentifier>
      <Extensions>cpp;c;cc;cxx;def;odl;idl;hpj;bat;asm;asmx</Extensions>
    </Filter>
    <Filter Include="Header Files">
      <UniqueIdentifier>{93995380-89BD-4b04-88EB-625FBE52EBFB}</UniqueIdentifier>
      <Extensions>h;hh;hpp;hxx;hm;inl;inc;ipp;xsd</Extensions>
    </Filter>
  </ItemGroup>
  <ItemGroup>
    <ClCompile Include="..\llclasses\classrel.cpp">
      <Filter>Source Files</Filter>
    </ClCompile>
    <ClCompile Include="..\llclasses\llclasses.cpp">
      <Filter>Source Files</Filter>
    </ClCompile>
    <ClCompile Include="..\llclasses\parser.cpp">
      <Filter>Source Files</Filter>
    </ClCompile>
    <ClCompile Include="..\llclasses\presenter.cpp">
      <Filter>Source Files</Filter>
    </ClCompile>
    <ClCompile Include="..\llclasses\publishers\publishtext.cpp">
      <Filter>Source Files</Filter>
    </ClCompile>
    <ClCompile Include="..\llclasses\parsers\parsecpp.cpp">
      <Filter>Source Files</Filter>
    </ClCompile>
    <ClCompile Include="..\llclasses\parsers\parsejava.cpp">
      <Filter>Source Files</Filter>
    </ClCompile>
    <ClCompile Include="..\llclasses\utils\directoryfiles.cpp">
      <Filter>Source Files</Filter>
    </ClCompile>
    <ClCompile Include="..\llclasses\utils\log.cpp">
      <Filter>Source Files</Filter>
    </ClCompile>
    <ClCompile Include="..\llclasses\publishers\publishhtml.cpp">
      <Filter>Source Files</Filter>
    </ClCompile>
    <ClCompile Include="..\llclasses\publishers\publishviz.cpp">
      <Filter>Source Files</Filter>
    </ClCompile>
  </ItemGroup>
  <ItemGroup>
    <ClInclude Include="..\llclasses\classrel.hpp">
      <Filter>Header Files</Filter>
    </ClInclude>
    <ClInclude Include="..\llclasses\colors.hpp">
      <Filter>Header Files</Filter>
    </ClInclude>
    <ClInclude Include="..\llclasses\llclasses.hpp">
      <Filter>Header Files</Filter>
    </ClInclude>
    <ClInclude Include="..\llclasses\parser.hpp">
      <Filter>Header Files</Filter>
    </ClInclude>
    <ClInclude Include="..\llclasses\presenter.hpp">
      <Filter>Header Files</Filter>
    </ClInclude>
    <ClInclude Include="..\llclasses\utils\directoryfiles.hpp">
      <Filter>Header Files</Filter>
    </ClInclude>
    <ClInclude Include="..\llclasses\parsers\parsecode.hpp">
      <Filter>Header Files</Filter>
    </ClInclude>
    <ClInclude Include="..\llclasses\parsers\parsecpp.hpp">
      <Filter>Header Files</Filter>
    </ClInclude>
    <ClInclude Include="..\llclasses\parsers\parsejava.hpp">
      <Filter>Header Files</Filter>
    </ClInclude>
    <ClInclude Include="..\llclasses\utils\colors.hpp">
      <Filter>Header Files</Filter>
    </ClInclude>
    <ClInclude Include="..\llclasses\utils\log.hpp">
      <Filter>Header Files</Filter>
    </ClInclude>
    <ClInclude Include="..\llclasses\utils\publish.hpp">
      <Filter>Header Files</Filter>
    </ClInclude>
    <ClInclude Include="..\llclasses\utils\swapstream.hpp">
      <Filter>Header Files</Filter>
    </ClInclude>
    <ClInclude Include="..\llclasses\utils\utils.hpp">
      <Filter>Header Files</Filter>
    </ClInclude>
  </ItemGroup>
</Project>