<?xml version="1.0" encoding="UTF-8"?>
<Scheme
   LastUpgradeVersion = "1010"
   version = "1.3">
   <BuildAction
      parallelizeBuildables = "YES"
      buildImplicitDependencies = "YES">
      <BuildActionEntries>
         <BuildActionEntry
            buildForTesting = "YES"
            buildForRunning = "YES"
            buildForProfiling = "YES"
            buildForArchiving = "YES"
            buildForAnalyzing = "YES">
            <BuildableReference
               BuildableIdentifier = "primary"
               BlueprintIdentifier = "B9A8A9362203EB3D00F41B05"
               BuildableName = "llclasses"
               BlueprintName = "llclasses"
               ReferencedContainer = "container:llclasses.xcodeproj">
            </BuildableReference>
         </BuildActionEntry>
      </BuildActionEntries>
   </BuildAction>
   <TestAction
      buildConfiguration = "Debug"
      selectedDebuggerIdentifier = "Xcode.DebuggerFoundation.Debugger.LLDB"
      selectedLauncherIdentifier = "Xcode.DebuggerFoundation.Launcher.LLDB"
      shouldUseLaunchSchemeArgsEnv = "YES">
      <Testables>
      </Testables>
      <MacroExpansion>
         <BuildableReference
            BuildableIdentifier = "primary"
            BlueprintIdentifier = "B9A8A9362203EB3D00F41B05"
            BuildableName = "llclasses"
            BlueprintName = "llclasses"
            ReferencedContainer = "container:llclasses.xcodeproj">
         </BuildableReference>
      </MacroExpansion>
      <AdditionalOptions>
      </AdditionalOptions>
   </TestAction>
   <LaunchAction
      buildConfiguration = "Debug"
      selectedDebuggerIdentifier = "Xcode.DebuggerFoundation.Debugger.LLDB"
      selectedLauncherIdentifier = "Xcode.DebuggerFoundation.Launcher.LLDB"
      launchStyle = "0"
      useCustomWorkingDirectory = "NO"
      ignoresPersistentStateOnLaunch = "NO"
      debugDocumentVersioning = "YES"
      debugServiceExtension = "internal"
      allowLocationSimulation = "YES">
      <BuildableProductRunnable
         runnableDebuggingMode = "0">
         <BuildableReference
            BuildableIdentifier = "primary"
            BlueprintIdentifier = "B9A8A9362203EB3D00F41B05"
            BuildableName = "llclasses"
            BlueprintName = "llclasses"
            ReferencedContainer = "container:llclasses.xcodeproj">
         </BuildableReference>
      </BuildableProductRunnable>
      <CommandLineArguments>
         <CommandLineArgument
            argument = "-t"
            isEnabled = "NO">
         </CommandLineArgument>
         <CommandLineArgument
            argument = "-T"
            isEnabled = "NO">
         </CommandLineArgument>
         <CommandLineArgument
            argument = "-h"
            isEnabled = "NO">
         </CommandLineArgument>
         <CommandLineArgument
            argument = "-I"
            isEnabled = "NO">
         </CommandLineArgument>
         <CommandLineArgument
            argument = "-M=4"
            isEnabled = "YES">
         </CommandLineArgument>
         <CommandLineArgument
            argument = "-v=*android*"
            isEnabled = "NO">
         </CommandLineArgument>
         <CommandLineArgument
            argument = "-i=com.wsi.*"
            isEnabled = "YES">
         </CommandLineArgument>
         <CommandLineArgument
            argument = "-l=5"
            isEnabled = "NO">
         </CommandLineArgument>
         <CommandLineArgument
            argument = "-z"
            isEnabled = "NO">
         </CommandLineArgument>
         <CommandLineArgument
            argument = "+n"
            isEnabled = "NO">
         </CommandLineArgument>
         <CommandLineArgument
            argument = "-v *Test*"
            isEnabled = "NO">
         </CommandLineArgument>
         <CommandLineArgument
            argument = "/Users/ldennis/projects/projects-xcode/llclasses/llclasses/llclasses/main.cpp"
            isEnabled = "NO">
         </CommandLineArgument>
         <CommandLineArgument
            argument = "/Users/ldennis/android/wxworks/main/WxWorks/wxworks/src/main/java/com/wsi/wxworks/WxNotify.java"
            isEnabled = "NO">
         </CommandLineArgument>
         <CommandLineArgument
            argument = "/Users/ldennis/android/wxworks/main/WxWorks/wxworks/src/main/java/com/wsi/wxworks/WxAlertHeadlines.java"
            isEnabled = "NO">
         </CommandLineArgument>
         <CommandLineArgument
            argument = "/Users/ldennis/projects/projects-xcode/llclasses/llclasses/samples/foo.java"
            isEnabled = "NO">
         </CommandLineArgument>
         <CommandLineArgument
            argument = "/Users/ldennis/projects/projects-xcode/llclasses/llclasses/llclasses"
            isEnabled = "NO">
         </CommandLineArgument>
         <CommandLineArgument
            argument = "/Users/ldennis/android/main/WxApp/src/mapdemo/src/main/java/com/wsi/demo"
            isEnabled = "NO">
         </CommandLineArgument>
         <CommandLineArgument
            argument = "/Users/ldennis/Library/Android/sdk/sources/android-21/android/widget/gridview/GridPaddingTest.java"
            isEnabled = "NO">
         </CommandLineArgument>
         <CommandLineArgument
            argument = "/Users/ldennis/Library/Android/sdk/sources/android-21/android/a*"
            isEnabled = "NO">
         </CommandLineArgument>
         <CommandLineArgument
            argument = "/Users/ldennis/private/websites/landenlabs-ipage/android/classtree/makeit/test"
            isEnabled = "NO">
         </CommandLineArgument>
         <CommandLineArgument
            argument = "/Users/ldennis/Downloads/compile-testing-master/src/main/java//com/google/testing/compile/JavaSourcesSubject.java"
            isEnabled = "NO">
         </CommandLineArgument>
         <CommandLineArgument
            argument = "/Users/ldennis/Downloads/compile-testing-master/src/main/java//com/google/testing"
            isEnabled = "NO">
         </CommandLineArgument>
         <CommandLineArgument
            argument = "/Users/ldennis/Downloads/compile-testing-master/src/main/java/com/google/testing/compile/CompileTester.java"
            isEnabled = "NO">
         </CommandLineArgument>
         <CommandLineArgument
            argument = "/Users/ldennis/Downloads/compile-testing-master/src/main/java/"
            isEnabled = "NO">
         </CommandLineArgument>
         <CommandLineArgument
            argument = "/Users/ldennis/Library/Android/sdk/sources/android-28/java/util/stream/ReduceOps.java"
            isEnabled = "NO">
         </CommandLineArgument>
         <CommandLineArgument
            argument = "/Users/ldennis/Library/Android/sdk/sources/android-28/java/util/regex/Pattern.java"
            isEnabled = "NO">
         </CommandLineArgument>
         <CommandLineArgument
            argument = "/Users/ldennis/Library/Android/sdk/sources/android-28/java/util"
            isEnabled = "NO">
         </CommandLineArgument>
         <CommandLineArgument
            argument = "/Users/ldennis/projects/projects-java/gaussian"
            isEnabled = "NO">
         </CommandLineArgument>
         <CommandLineArgument
            argument = "/Users/ldennis/Library/Android/sdk/sources/android-28/java/util/stream/AbstractShortCircuitTask.java"
            isEnabled = "NO">
         </CommandLineArgument>
         <CommandLineArgument
            argument = "/Users/ldennis/projects/projects-xcode/llclasses/llclasses/test.java"
            isEnabled = "NO">
         </CommandLineArgument>
         <CommandLineArgument
            argument = "/Users/ldennis/projects/projects-android/maps-pangea-renderer/maps-pangea-renderer/v2/source"
            isEnabled = "NO">
         </CommandLineArgument>
         <CommandLineArgument
            argument = "/Users/ldennis/android/main/WxApp/src/pangea/mapsdk/src/main/java/com/wsi/mapsdk/drawOverlays/FilterDuplicateIds.java"
            isEnabled = "NO">
         </CommandLineArgument>
         <CommandLineArgument
            argument = "/Users/ldennis/android/main/WxApp/src/pangea/mapsdk/src/main/java/com/wsi/mapsdk/InventoryCommon.java"
            isEnabled = "NO">
         </CommandLineArgument>
         <CommandLineArgument
            argument = "/Users/ldennis/android/main/WxApp/src/pangea/wxlib/src/main/java/"
            isEnabled = "YES">
         </CommandLineArgument>
         <CommandLineArgument
            argument = "/Users/ldennis/android/main/WxApp/src/pangea/mapsdk/src/main/java/"
            isEnabled = "YES">
         </CommandLineArgument>
      </CommandLineArguments>
      <EnvironmentVariables>
         <EnvironmentVariable
            key = "MallocCheckHeapStart"
            value = "5"
            isEnabled = "NO">
         </EnvironmentVariable>
         <EnvironmentVariable
            key = "MallocStackLogging"
            value = "1"
            isEnabled = "NO">
         </EnvironmentVariable>
         <EnvironmentVariable
            key = "MallocPreScribble"
            value = "1"
            isEnabled = "NO">
         </EnvironmentVariable>
         <EnvironmentVariable
            key = "MallocScribble"
            value = "1"
            isEnabled = "NO">
         </EnvironmentVariable>
         <EnvironmentVariable
            key = "MallocGuardEdges"
            value = "1"
            isEnabled = "NO">
         </EnvironmentVariable>
         <EnvironmentVariable
            key = "MallocCheckHeapAbort"
            value = "1"
            isEnabled = "NO">
         </EnvironmentVariable>
         <EnvironmentVariable
            key = "MallocCheckHeapEach"
            value = "1"
            isEnabled = "NO">
         </EnvironmentVariable>
      </EnvironmentVariables>
      <AdditionalOptions>
      </AdditionalOptions>
   </LaunchAction>
   <ProfileAction
      buildConfiguration = "Release"
      shouldUseLaunchSchemeArgsEnv = "YES"
      savedToolIdentifier = ""
      useCustomWorkingDirectory = "NO"
      debugDocumentVersioning = "YES">
      <BuildableProductRunnable
         runnableDebuggingMode = "0">
         <BuildableReference
            BuildableIdentifier = "primary"
            BlueprintIdentifier = "B9A8A9362203EB3D00F41B05"
            BuildableName = "llclasses"
            BlueprintName = "llclasses"
            ReferencedContainer = "container:llclasses.xcodeproj">
         </BuildableReference>
      </BuildableProductRunnable>
   </ProfileAction>
   <AnalyzeAction
      buildConfiguration = "Debug">
   </AnalyzeAction>
   <ArchiveAction
      buildConfiguration = "Release"
      revealArchiveInOrganizer = "YES">
   </ArchiveAction>
</Scheme>
